PODS:
  - Flutter (1.0.0)
  - yandex_sign (0.0.1):
    - Flutter

DEPENDENCIES:
  - Flutter (from `.symlinks/flutter/ios`)
  - yandex_sign (from `.symlinks/plugins/yandex_sign/ios`)

EXTERNAL SOURCES:
  Flutter:
    :path: ".symlinks/flutter/ios"
  yandex_sign:
    :path: ".symlinks/plugins/yandex_sign/ios"

SPEC CHECKSUMS:
  Flutter: 58dd7d1b27887414a370fcccb9e645c08ffd7a6a
  yandex_sign: 1e3f93fa4c3f0bfee0f15aaeaedfe721c3caa5fb

PODFILE CHECKSUM: 097b64e1c00903a097fa4231dd174c10dfb3b629

COCOAPODS: 1.6.1
